
Microsoft Visual Studio Solution File, Format Version 12.00
# Visual Studio Version 16
VisualStudioVersion = 16.0.33214.272
MinimumVisualStudioVersion = 10.0.40219.1
Project("{9A19103F-16F7-4668-BE54-9A1E7A4F7556}") = "P229Allup", "P229Allup\P229Allup.csproj", "{5518C294-AECA-40D6-8619-485E4BD43E7D}"
EndProject
Global
	GlobalSection(SolutionConfigurationPlatforms) = preSolution
		Debug|Any CPU = Debug|Any CPU
		Release|Any CPU = Release|Any CPU
	EndGlobalSection
	GlobalSection(ProjectConfigurationPlatforms) = postSolution
		{5518C294-AECA-40D6-8619-485E4BD43E7D}.Debug|Any CPU.ActiveCfg = Debug|Any CPU
		{5518C294-AECA-40D6-8619-485E4BD43E7D}.Debug|Any CPU.Build.0 = Debug|Any CPU
		{5518C294-AECA-40D6-8619-485E4BD43E7D}.Release|Any CPU.ActiveCfg = Release|Any CPU
		{5518C294-AECA-40D6-8619-485E4BD43E7D}.Release|Any CPU.Build.0 = Release|Any CPU
	EndGlobalSection
	GlobalSection(SolutionProperties) = preSolution
		HideSolutionNode = FALSE
	EndGlobalSection
	GlobalSection(ExtensibilityGlobals) = postSolution
		SolutionGuid = {8C8A6AC1-9139-4A54-A215-11F22EEF480B}
	EndGlobalSection
EndGlobal
